
Microsoft Visual Studio Solution File, Format Version 12.00
# Visual Studio Version 17
VisualStudioVersion = 17.0.31903.59
MinimumVisualStudioVersion = 10.0.40219.1
Project("{2150E333-8FDC-42A3-9474-1A3956D46DE8}") = "src", "src", "{4D5BD011-C161-4852-8C2F-CC7642264988}"
EndProject
Project("{FAE04EC0-301F-11D3-BF4B-00C04F79EFBC}") = "LagSwitch", "src\LagSwitch\LagSwitch.csproj", "{CD59C6F3-FD4D-437D-B633-4516125D1DFD}"
EndProject
Global
	GlobalSection(SolutionConfigurationPlatforms) = preSolution
		Debug|Any CPU = Debug|Any CPU
		Release|Any CPU = Release|Any CPU
	EndGlobalSection
	GlobalSection(SolutionProperties) = preSolution
		HideSolutionNode = FALSE
	EndGlobalSection
	GlobalSection(ProjectConfigurationPlatforms) = postSolution
		{CD59C6F3-FD4D-437D-B633-4516125D1DFD}.Debug|Any CPU.ActiveCfg = Debug|Any CPU
		{CD59C6F3-FD4D-437D-B633-4516125D1DFD}.Debug|Any CPU.Build.0 = Debug|Any CPU
		{CD59C6F3-FD4D-437D-B633-4516125D1DFD}.Release|Any CPU.ActiveCfg = Release|Any CPU
		{CD59C6F3-FD4D-437D-B633-4516125D1DFD}.Release|Any CPU.Build.0 = Release|Any CPU
	EndGlobalSection
	GlobalSection(NestedProjects) = preSolution
		{CD59C6F3-FD4D-437D-B633-4516125D1DFD} = {4D5BD011-C161-4852-8C2F-CC7642264988}
	EndGlobalSection
EndGlobal
